PODS:
  - FMDB (2.5):
    - FMDB/standard (= 2.5)
  - FMDB/common (2.5)
  - FMDB/standard (2.5):
    - FMDB/common
  - HTCopyableLabel (0.0.7)
  - ionicons (2.0.1)

DEPENDENCIES:
  - FMDB
  - HTCopyableLabel
  - ionicons

SPEC CHECKSUMS:
  FMDB: 96e8f1bcc1329e269330f99770ad4285d9003e52
  HTCopyableLabel: e67c190d2f1f8f03c9d9858a7d8ce33be7fb43fa
  ionicons: c7b0867373392e85c17f613d19ade04ccfbe5a7c

COCOAPODS: 0.37.2
